
Microsoft Visual Studio Solution File, Format Version 12.00
# Visual Studio Version 16
VisualStudioVersion = 16.0.30225.117
MinimumVisualStudioVersion = 10.0.40219.1
Project("{FAE04EC0-301F-11D3-BF4B-00C04F79EFBC}") = "Todo_Mvc", "Todo_Mvc\Todo_Mvc.csproj", "{722EF1CA-FCDB-49A8-AC36-4DE1AAE1262E}"
EndProject
Global
	GlobalSection(SolutionConfigurationPlatforms) = preSolution
		Debug|Any CPU = Debug|Any CPU
		Release|Any CPU = Release|Any CPU
	EndGlobalSection
	GlobalSection(ProjectConfigurationPlatforms) = postSolution
		{722EF1CA-FCDB-49A8-AC36-4DE1AAE1262E}.Debug|Any CPU.ActiveCfg = Debug|Any CPU
		{722EF1CA-FCDB-49A8-AC36-4DE1AAE1262E}.Debug|Any CPU.Build.0 = Debug|Any CPU
		{722EF1CA-FCDB-49A8-AC36-4DE1AAE1262E}.Release|Any CPU.ActiveCfg = Release|Any CPU
		{722EF1CA-FCDB-49A8-AC36-4DE1AAE1262E}.Release|Any CPU.Build.0 = Release|Any CPU
	EndGlobalSection
	GlobalSection(SolutionProperties) = preSolution
		HideSolutionNode = FALSE
	EndGlobalSection
	GlobalSection(ExtensibilityGlobals) = postSolution
		SolutionGuid = {942ADB59-ADCB-4984-9404-F52088D2ED09}
	EndGlobalSection
EndGlobal
